
Microsoft Visual Studio Solution File, Format Version 12.00
Project("{FAE04EC0-301F-11D3-BF4B-00C04F79EFBC}") = "BookManagementSystem", "BookManagementSystem\BookManagementSystem.csproj", "{D7539AF0-5AE2-4B41-937C-2612432390D2}"
EndProject
Global
	GlobalSection(SolutionConfigurationPlatforms) = preSolution
		Debug|Any CPU = Debug|Any CPU
		Release|Any CPU = Release|Any CPU
	EndGlobalSection
	GlobalSection(ProjectConfigurationPlatforms) = postSolution
		{D7539AF0-5AE2-4B41-937C-2612432390D2}.Debug|Any CPU.ActiveCfg = Debug|Any CPU
		{D7539AF0-5AE2-4B41-937C-2612432390D2}.Debug|Any CPU.Build.0 = Debug|Any CPU
		{D7539AF0-5AE2-4B41-937C-2612432390D2}.Release|Any CPU.ActiveCfg = Release|Any CPU
		{D7539AF0-5AE2-4B41-937C-2612432390D2}.Release|Any CPU.Build.0 = Release|Any CPU
	EndGlobalSection
EndGlobal
